{
  "originHash" : "8f69c8c413279b0ab591e0a1e12db691288d43fad1b606446c8c695b74d1e838",
  "pins" : [
    {
      "identity" : "caesura",
      "kind" : "remoteSourceControl",
      "location" : "https://github.com/Fleuronic/Caesura",
      "state" : {
        "branch" : "main",
        "revision" : "d1fb2c4160ceed06250c10de34f96d2aa4032c3d"
      }
    },
    {
      "identity" : "catena",
      "kind" : "remoteSourceControl",
      "location" : "https://github.com/Fleuronic/Catena",
      "state" : {
        "branch" : "main",
        "revision" : "663d2e351e8d8ffdd0fc566c79cc46ad5d2db502"
      }
    },
    {
      "identity" : "catenary",
      "kind" : "remoteSourceControl",
      "location" : "https://github.com/Fleuronic/Catenary",
      "state" : {
        "branch" : "main",
        "revision" : "224c53aee87e9e5ea444d0ed8844fbeed00ed5cc"
      }
    },
    {
      "identity" : "catenoid",
      "kind" : "remoteSourceControl",
      "location" : "https://github.com/Fleuronic/Catenoid",
      "state" : {
        "branch" : "main",
        "revision" : "52333639ae306dab59c072c0c1c4a31d6eb6e418"
      }
    },
    {
      "identity" : "differ",
      "kind" : "remoteSourceControl",
      "location" : "https://github.com/tonyarnold/Differ",
      "state" : {
        "revision" : "5520fda947f1f9777a806389c2ba587219bc0538",
        "version" : "1.4.6"
      }
    },
    {
      "identity" : "drumkit",
      "kind" : "remoteSourceControl",
      "location" : "https://github.com/Fleuronic/DrumKit",
      "state" : {
        "branch" : "main",
        "revision" : "90f9f2da367667addb0ddf0ec46b3f7abc355665"
      }
    },
    {
      "identity" : "drumkitservice",
      "kind" : "remoteSourceControl",
      "location" : "https://github.com/Fleuronic/DrumKitService",
      "state" : {
        "branch" : "main",
        "revision" : "58b0212e8bab3a95f7f932608f31a3c35ee6f2f2"
      }
    },
    {
      "identity" : "identity",
      "kind" : "remoteSourceControl",
      "location" : "https://github.com/jordanekay/Identity",
      "state" : {
        "branch" : "master",
        "revision" : "8764a54c8e5ef0d14f3dc2ec5c10223ed0411a4d"
      }
    },
    {
      "identity" : "papyrus",
      "kind" : "remoteSourceControl",
      "location" : "https://github.com/jordanekay/papyrus",
      "state" : {
        "branch" : "main",
        "revision" : "ff604d6cca47a31a3e27588f6c5c155664175cb2"
      }
    },
    {
      "identity" : "persistdb",
      "kind" : "remoteSourceControl",
      "location" : "https://github.com/jordanekay/PersistDB",
      "state" : {
        "branch" : "master",
        "revision" : "1fcce3a2e8d5ff8dcd52ab60a743bc0fb9f06c78"
      }
    },
    {
      "identity" : "reactiveswift",
      "kind" : "remoteSourceControl",
      "location" : "https://github.com/ReactiveCocoa/ReactiveSwift.git",
      "state" : {
        "branch" : "swift-concurrency",
        "revision" : "3d40187c982346352d0adbe6b38e0e3d53fddc95"
      }
    },
    {
      "identity" : "schemata",
      "kind" : "remoteSourceControl",
      "location" : "https://github.com/jordanekay/Schemata",
      "state" : {
        "branch" : "master",
        "revision" : "87cccc84dd426bac783f831d585246cac9e10c16"
      }
    },
    {
      "identity" : "sociableweaver",
      "kind" : "remoteSourceControl",
      "location" : "https://github.com/NicholasBellucci/SociableWeaver.git",
      "state" : {
        "revision" : "dd8368fcf1f8fef5d672ea64775dc6f7b02d7a92",
        "version" : "0.1.12"
      }
    },
    {
      "identity" : "swift-memberwise-init-macro",
      "kind" : "remoteSourceControl",
      "location" : "https://github.com/gohanlon/swift-memberwise-init-macro",
      "state" : {
        "revision" : "47a2bdf45f1567e7324438f8482e362ee1c3fb44",
        "version" : "0.5.2"
      }
    },
    {
      "identity" : "swift-syntax",
      "kind" : "remoteSourceControl",
      "location" : "https://github.com/swiftlang/swift-syntax",
      "state" : {
        "revision" : "0687f71944021d616d34d922343dcef086855920",
        "version" : "600.0.1"
      }
    }
  ],
  "version" : 3
}
